
Microsoft Visual Studio Solution File, Format Version 12.00
# Visual Studio Version 16
VisualStudioVersion = 16.0.30804.86
MinimumVisualStudioVersion = 10.0.40219.1
Project("{2150E333-8FDC-42A3-9474-1A3956D46DE8}") = "Tests", "Tests", "{AD5041AC-C96B-42F8-BC8C-BFFD2090B364}"
EndProject
Project("{9A19103F-16F7-4668-BE54-9A1E7A4F7556}") = "StbImageResizeSharp", "src\StbImageResizeSharp.csproj", "{A31F9AF6-C61B-4DFB-8BC2-7AED65DF16F7}"
EndProject
Project("{FAE04EC0-301F-11D3-BF4B-00C04F79EFBC}") = "StbImageResizeSharp.Converter", "tests\StbImageResizeSharp.Converter\StbImageResizeSharp.Converter.csproj", "{C26B430F-617B-4437-93E5-5F5259BF02C8}"
EndProject
Global
	GlobalSection(SolutionConfigurationPlatforms) = preSolution
		Debug|Any CPU = Debug|Any CPU
		Release|Any CPU = Release|Any CPU
	EndGlobalSection
	GlobalSection(ProjectConfigurationPlatforms) = postSolution
		{A31F9AF6-C61B-4DFB-8BC2-7AED65DF16F7}.Debug|Any CPU.ActiveCfg = Debug|Any CPU
		{A31F9AF6-C61B-4DFB-8BC2-7AED65DF16F7}.Debug|Any CPU.Build.0 = Debug|Any CPU
		{A31F9AF6-C61B-4DFB-8BC2-7AED65DF16F7}.Release|Any CPU.ActiveCfg = Release|Any CPU
		{A31F9AF6-C61B-4DFB-8BC2-7AED65DF16F7}.Release|Any CPU.Build.0 = Release|Any CPU
		{C26B430F-617B-4437-93E5-5F5259BF02C8}.Debug|Any CPU.ActiveCfg = Debug|Any CPU
		{C26B430F-617B-4437-93E5-5F5259BF02C8}.Debug|Any CPU.Build.0 = Debug|Any CPU
		{C26B430F-617B-4437-93E5-5F5259BF02C8}.Release|Any CPU.ActiveCfg = Release|Any CPU
		{C26B430F-617B-4437-93E5-5F5259BF02C8}.Release|Any CPU.Build.0 = Release|Any CPU
	EndGlobalSection
	GlobalSection(SolutionProperties) = preSolution
		HideSolutionNode = FALSE
	EndGlobalSection
	GlobalSection(NestedProjects) = preSolution
		{C26B430F-617B-4437-93E5-5F5259BF02C8} = {AD5041AC-C96B-42F8-BC8C-BFFD2090B364}
	EndGlobalSection
	GlobalSection(ExtensibilityGlobals) = postSolution
		SolutionGuid = {C9C812E7-F89A-4B6E-8F9D-981D5F8BBAB3}
	EndGlobalSection
EndGlobal
